github.com/jdkato/prose/v3 v3.2.1 h1:yaQMEjBkCe3+mUlgXIM5mJKf0Z6/vrrvBSqzCSTbf+U=
github.com/jdkato/prose/v3 v3.2.1/go.mod h1:VRQyR/EyA6bX457JTCIF67n04ycHek4v6v0veGiJvUk=
gopkg.in/neurosnap/sentences.v1 v1.0.6 h1:v7ElyP020iEZQONyLld3fHILHWOPs+ntzuQTNPkul8E=
gopkg.in/neurosnap/sentences.v1 v1.0.6/go.mod h1:YlK+SN+fLQZj+kY3r8DkGDhDr91+S3JmTb5LSxFRQo0=
